// !$*UTF8*$!
{
	archiveVersion = 1;
	classes = {
	};
	objectVersion = 50;
	objects = {

/* Begin PBXBuildFile section */
		FA05CFB021AF20C800DA76D9 /* ActivitiesViewController.swift in Sources */ = {isa = PBXBuildFile; fileRef = FA05CFAF21AF20C800DA76D9 /* ActivitiesViewController.swift */; };
		FA05CFB221AF341200DA76D9 /* ActivitiesTableViewCell.swift in Sources */ = {isa = PBXBuildFile; fileRef = FA05CFB121AF341200DA76D9 /* ActivitiesTableViewCell.swift */; };
		FA12EDAC21A8A632000F3C8D /* RegistrarDatosViewController.swift in Sources */ = {isa = PBXBuildFile; fileRef = FA12EDAB21A8A632000F3C8D /* RegistrarDatosViewController.swift */; };
		FA2CD52621AC9811002E3E75 /* addManualViewController.swift in Sources */ = {isa = PBXBuildFile; fileRef = FA2CD52521AC9811002E3E75 /* addManualViewController.swift */; };
		FA2EC7C421A70F5F00587462 /* paginadeinicioViewController.swift in Sources */ = {isa = PBXBuildFile; fileRef = FA2EC7C321A70F5F00587462 /* paginadeinicioViewController.swift */; };
		FA9AAB7321AF45A0004A3C4D /* Bienvenido.swift in Sources */ = {isa = PBXBuildFile; fileRef = FA9AAB7221AF45A0004A3C4D /* Bienvenido.swift */; };
		FAD8EE2F21A5AFE400D92B05 /* AppDelegate.swift in Sources */ = {isa = PBXBuildFile; fileRef = FAD8EE2E21A5AFE400D92B05 /* AppDelegate.swift */; };
		FAD8EE3121A5AFE400D92B05 /* ViewController.swift in Sources */ = {isa = PBXBuildFile; fileRef = FAD8EE3021A5AFE400D92B05 /* ViewController.swift */; };
		FAD8EE3421A5AFE400D92B05 /* Main.storyboard in Resources */ = {isa = PBXBuildFile; fileRef = FAD8EE3221A5AFE400D92B05 /* Main.storyboard */; };
		FAD8EE3621A5AFE500D92B05 /* Assets.xcassets in Resources */ = {isa = PBXBuildFile; fileRef = FAD8EE3521A5AFE500D92B05 /* Assets.xcassets */; };
		FAD8EE3921A5AFE500D92B05 /* LaunchScreen.storyboard in Resources */ = {isa = PBXBuildFile; fileRef = FAD8EE3721A5AFE500D92B05 /* LaunchScreen.storyboard */; };
		FAD8EE4121A5B3DB00D92B05 /* FechasCollectionViewCell.swift in Sources */ = {isa = PBXBuildFile; fileRef = FAD8EE4021A5B3DB00D92B05 /* FechasCollectionViewCell.swift */; };
		FAD8EE4321A5B5B700D92B05 /* Calendariovar.swift in Sources */ = {isa = PBXBuildFile; fileRef = FAD8EE4221A5B5B700D92B05 /* Calendariovar.swift */; };
		FADB586021AC55D20014BBDA /* daySelected.swift in Sources */ = {isa = PBXBuildFile; fileRef = FADB585F21AC55D20014BBDA /* daySelected.swift */; };
/* End PBXBuildFile section */

/* Begin PBXFileReference section */
		FA05CFAF21AF20C800DA76D9 /* ActivitiesViewController.swift */ = {isa = PBXFileReference; lastKnownFileType = sourcecode.swift; path = ActivitiesViewController.swift; sourceTree = "<group>"; };
		FA05CFB121AF341200DA76D9 /* ActivitiesTableViewCell.swift */ = {isa = PBXFileReference; lastKnownFileType = sourcecode.swift; path = ActivitiesTableViewCell.swift; sourceTree = "<group>"; };
		FA12EDAB21A8A632000F3C8D /* RegistrarDatosViewController.swift */ = {isa = PBXFileReference; lastKnownFileType = sourcecode.swift; path = RegistrarDatosViewController.swift; sourceTree = "<group>"; };
		FA2CD52521AC9811002E3E75 /* addManualViewController.swift */ = {isa = PBXFileReference; lastKnownFileType = sourcecode.swift; path = addManualViewController.swift; sourceTree = "<group>"; };
		FA2EC7C321A70F5F00587462 /* paginadeinicioViewController.swift */ = {isa = PBXFileReference; lastKnownFileType = sourcecode.swift; path = paginadeinicioViewController.swift; sourceTree = "<group>"; };
		FA9AAB7221AF45A0004A3C4D /* Bienvenido.swift */ = {isa = PBXFileReference; fileEncoding = 4; lastKnownFileType = sourcecode.swift; path = Bienvenido.swift; sourceTree = "<group>"; };
		FAD8EE2B21A5AFE400D92B05 /* producto.app */ = {isa = PBXFileReference; explicitFileType = wrapper.application; includeInIndex = 0; path = producto.app; sourceTree = BUILT_PRODUCTS_DIR; };
		FAD8EE2E21A5AFE400D92B05 /* AppDelegate.swift */ = {isa = PBXFileReference; lastKnownFileType = sourcecode.swift; path = AppDelegate.swift; sourceTree = "<group>"; };
		FAD8EE3021A5AFE400D92B05 /* ViewController.swift */ = {isa = PBXFileReference; lastKnownFileType = sourcecode.swift; path = ViewController.swift; sourceTree = "<group>"; };
		FAD8EE3321A5AFE400D92B05 /* Base */ = {isa = PBXFileReference; lastKnownFileType = file.storyboard; name = Base; path = Base.lproj/Main.storyboard; sourceTree = "<group>"; };
		FAD8EE3521A5AFE500D92B05 /* Assets.xcassets */ = {isa = PBXFileReference; lastKnownFileType = folder.assetcatalog; path = Assets.xcassets; sourceTree = "<group>"; };
		FAD8EE3821A5AFE500D92B05 /* Base */ = {isa = PBXFileReference; lastKnownFileType = file.storyboard; name = Base; path = Base.lproj/LaunchScreen.storyboard; sourceTree = "<group>"; };
		FAD8EE3A21A5AFE500D92B05 /* Info.plist */ = {isa = PBXFileReference; lastKnownFileType = text.plist.xml; path = Info.plist; sourceTree = "<group>"; };
		FAD8EE4021A5B3DB00D92B05 /* FechasCollectionViewCell.swift */ = {isa = PBXFileReference; lastKnownFileType = sourcecode.swift; path = FechasCollectionViewCell.swift; sourceTree = "<group>"; };
		FAD8EE4221A5B5B700D92B05 /* Calendariovar.swift */ = {isa = PBXFileReference; lastKnownFileType = sourcecode.swift; path = Calendariovar.swift; sourceTree = "<group>"; };
		FADB585F21AC55D20014BBDA /* daySelected.swift */ = {isa = PBXFileReference; lastKnownFileType = sourcecode.swift; path = daySelected.swift; sourceTree = "<group>"; };
		FAFA447A21AC933D00DCA676 /* producto.entitlements */ = {isa = PBXFileReference; lastKnownFileType = text.plist.entitlements; path = producto.entitlements; sourceTree = "<group>"; };
/* End PBXFileReference section */

/* Begin PBXFrameworksBuildPhase section */
		FAD8EE2821A5AFE400D92B05 /* Frameworks */ = {
			isa = PBXFrameworksBuildPhase;
			buildActionMask = 2147483647;
			files = (
			);
			runOnlyForDeploymentPostprocessing = 0;
		};
/* End PBXFrameworksBuildPhase section */

/* Begin PBXGroup section */
		FAD8EE2221A5AFE400D92B05 = {
			isa = PBXGroup;
			children = (
				FAD8EE2D21A5AFE400D92B05 /* producto */,
				FAD8EE2C21A5AFE400D92B05 /* Products */,
			);
			sourceTree = "<group>";
		};
		FAD8EE2C21A5AFE400D92B05 /* Products */ = {
			isa = PBXGroup;
			children = (
				FAD8EE2B21A5AFE400D92B05 /* producto.app */,
			);
			name = Products;
			sourceTree = "<group>";
		};
		FAD8EE2D21A5AFE400D92B05 /* producto */ = {
			isa = PBXGroup;
			children = (
				FAFA447A21AC933D00DCA676 /* producto.entitlements */,
				FAD8EE2E21A5AFE400D92B05 /* AppDelegate.swift */,
				FAD8EE3021A5AFE400D92B05 /* ViewController.swift */,
				FA2EC7C321A70F5F00587462 /* paginadeinicioViewController.swift */,
				FA2CD52521AC9811002E3E75 /* addManualViewController.swift */,
				FA12EDAB21A8A632000F3C8D /* RegistrarDatosViewController.swift */,
				FAD8EE3221A5AFE400D92B05 /* Main.storyboard */,
				FAD8EE3521A5AFE500D92B05 /* Assets.xcassets */,
				FAD8EE3721A5AFE500D92B05 /* LaunchScreen.storyboard */,
				FAD8EE3A21A5AFE500D92B05 /* Info.plist */,
				FAD8EE4021A5B3DB00D92B05 /* FechasCollectionViewCell.swift */,
				FAD8EE4221A5B5B700D92B05 /* Calendariovar.swift */,
				FADB585F21AC55D20014BBDA /* daySelected.swift */,
				FA05CFAF21AF20C800DA76D9 /* ActivitiesViewController.swift */,
				FA05CFB121AF341200DA76D9 /* ActivitiesTableViewCell.swift */,
				FA9AAB7221AF45A0004A3C4D /* Bienvenido.swift */,
			);
			path = producto;
			sourceTree = "<group>";
		};
/* End PBXGroup section */

/* Begin PBXNativeTarget section */
		FAD8EE2A21A5AFE400D92B05 /* producto */ = {
			isa = PBXNativeTarget;
			buildConfigurationList = FAD8EE3D21A5AFE500D92B05 /* Build configuration list for PBXNativeTarget "producto" */;
			buildPhases = (
				FAD8EE2721A5AFE400D92B05 /* Sources */,
				FAD8EE2821A5AFE400D92B05 /* Frameworks */,
				FAD8EE2921A5AFE400D92B05 /* Resources */,
			);
			buildRules = (
			);
			dependencies = (
			);
			name = producto;
			productName = producto;
			productReference = FAD8EE2B21A5AFE400D92B05 /* producto.app */;
			productType = "com.apple.product-type.application";
		};
/* End PBXNativeTarget section */

/* Begin PBXProject section */
		FAD8EE2321A5AFE400D92B05 /* Project object */ = {
			isa = PBXProject;
			attributes = {
				LastSwiftUpdateCheck = 1010;
				LastUpgradeCheck = 1010;
				ORGANIZATIONNAME = potato;
				TargetAttributes = {
					FAD8EE2A21A5AFE400D92B05 = {
						CreatedOnToolsVersion = 10.1;
						SystemCapabilities = {
							com.apple.BackgroundModes = {
								enabled = 1;
							};
							com.apple.Push = {
								enabled = 1;
							};
						};
					};
				};
			};
			buildConfigurationList = FAD8EE2621A5AFE400D92B05 /* Build configuration list for PBXProject "producto" */;
			compatibilityVersion = "Xcode 9.3";
			developmentRegion = en;
			hasScannedForEncodings = 0;
			knownRegions = (
				en,
				Base,
			);
			mainGroup = FAD8EE2221A5AFE400D92B05;
			productRefGroup = FAD8EE2C21A5AFE400D92B05 /* Products */;
			projectDirPath = "";
			projectRoot = "";
			targets = (
				FAD8EE2A21A5AFE400D92B05 /* producto */,
			);
		};
/* End PBXProject section */

/* Begin PBXResourcesBuildPhase section */
		FAD8EE2921A5AFE400D92B05 /* Resources */ = {
			isa = PBXResourcesBuildPhase;
			buildActionMask = 2147483647;
			files = (
				FAD8EE3921A5AFE500D92B05 /* LaunchScreen.storyboard in Resources */,
				FAD8EE3621A5AFE500D92B05 /* Assets.xcassets in Resources */,
				FAD8EE3421A5AFE400D92B05 /* Main.storyboard in Resources */,
			);
			runOnlyForDeploymentPostprocessing = 0;
		};
/* End PBXResourcesBuildPhase section */

/* Begin PBXSourcesBuildPhase section */
		FAD8EE2721A5AFE400D92B05 /* Sources */ = {
			isa = PBXSourcesBuildPhase;
			buildActionMask = 2147483647;
			files = (
				FA12EDAC21A8A632000F3C8D /* RegistrarDatosViewController.swift in Sources */,
				FA9AAB7321AF45A0004A3C4D /* Bienvenido.swift in Sources */,
				FADB586021AC55D20014BBDA /* daySelected.swift in Sources */,
				FA05CFB221AF341200DA76D9 /* ActivitiesTableViewCell.swift in Sources */,
				FAD8EE3121A5AFE400D92B05 /* ViewController.swift in Sources */,
				FAD8EE4321A5B5B700D92B05 /* Calendariovar.swift in Sources */,
				FA05CFB021AF20C800DA76D9 /* ActivitiesViewController.swift in Sources */,
				FAD8EE2F21A5AFE400D92B05 /* AppDelegate.swift in Sources */,
				FA2EC7C421A70F5F00587462 /* paginadeinicioViewController.swift in Sources */,
				FA2CD52621AC9811002E3E75 /* addManualViewController.swift in Sources */,
				FAD8EE4121A5B3DB00D92B05 /* FechasCollectionViewCell.swift in Sources */,
			);
			runOnlyForDeploymentPostprocessing = 0;
		};
/* End PBXSourcesBuildPhase section */

/* Begin PBXVariantGroup section */
		FAD8EE3221A5AFE400D92B05 /* Main.storyboard */ = {
			isa = PBXVariantGroup;
			children = (
				FAD8EE3321A5AFE400D92B05 /* Base */,
			);
			name = Main.storyboard;
			sourceTree = "<group>";
		};
		FAD8EE3721A5AFE500D92B05 /* LaunchScreen.storyboard */ = {
			isa = PBXVariantGroup;
			children = (
				FAD8EE3821A5AFE500D92B05 /* Base */,
			);
			name = LaunchScreen.storyboard;
			sourceTree = "<group>";
		};
/* End PBXVariantGroup section */

/* Begin XCBuildConfiguration section */
		FAD8EE3B21A5AFE500D92B05 /* Debug */ = {
			isa = XCBuildConfiguration;
			buildSettings = {
				ALWAYS_SEARCH_USER_PATHS = NO;
				CLANG_ANALYZER_NONNULL = YES;
				CLANG_ANALYZER_NUMBER_OBJECT_CONVERSION = YES_AGGRESSIVE;
				CLANG_CXX_LANGUAGE_STANDARD = "gnu++14";
				CLANG_CXX_LIBRARY = "libc++";
				CLANG_ENABLE_MODULES = YES;
				CLANG_ENABLE_OBJC_ARC = YES;
				CLANG_ENABLE_OBJC_WEAK = YES;
				CLANG_WARN_BLOCK_CAPTURE_AUTORELEASING = YES;
				CLANG_WARN_BOOL_CONVERSION = YES;
				CLANG_WARN_COMMA = YES;
				CLANG_WARN_CONSTANT_CONVERSION = YES;
				CLANG_WARN_DEPRECATED_OBJC_IMPLEMENTATIONS = YES;
				CLANG_WARN_DIRECT_OBJC_ISA_USAGE = YES_ERROR;
				CLANG_WARN_DOCUMENTATION_COMMENTS = YES;
				CLANG_WARN_EMPTY_BODY = YES;
				CLANG_WARN_ENUM_CONVERSION = YES;
				CLANG_WARN_INFINITE_RECURSION = YES;
				CLANG_WARN_INT_CONVERSION = YES;
				CLANG_WARN_NON_LITERAL_NULL_CONVERSION = YES;
				CLANG_WARN_OBJC_IMPLICIT_RETAIN_SELF = YES;
				CLANG_WARN_OBJC_LITERAL_CONVERSION = YES;
				CLANG_WARN_OBJC_ROOT_CLASS = YES_ERROR;
				CLANG_WARN_RANGE_LOOP_ANALYSIS = YES;
				CLANG_WARN_STRICT_PROTOTYPES = YES;
				CLANG_WARN_SUSPICIOUS_MOVE = YES;
				CLANG_WARN_UNGUARDED_AVAILABILITY = YES_AGGRESSIVE;
				CLANG_WARN_UNREACHABLE_CODE = YES;
				CLANG_WARN__DUPLICATE_METHOD_MATCH = YES;
				CODE_SIGN_IDENTITY = "iPhone Developer";
				COPY_PHASE_STRIP = NO;
				DEBUG_INFORMATION_FORMAT = dwarf;
				ENABLE_STRICT_OBJC_MSGSEND = YES;
				ENABLE_TESTABILITY = YES;
				GCC_C_LANGUAGE_STANDARD = gnu11;
				GCC_DYNAMIC_NO_PIC = NO;
				GCC_NO_COMMON_BLOCKS = YES;
				GCC_OPTIMIZATION_LEVEL = 0;
				GCC_PREPROCESSOR_DEFINITIONS = (
					"DEBUG=1",
					"$(inherited)",
				);
				GCC_WARN_64_TO_32_BIT_CONVERSION = YES;
				GCC_WARN_ABOUT_RETURN_TYPE = YES_ERROR;
				GCC_WARN_UNDECLARED_SELECTOR = YES;
				GCC_WARN_UNINITIALIZED_AUTOS = YES_AGGRESSIVE;
				GCC_WARN_UNUSED_FUNCTION = YES;
				GCC_WARN_UNUSED_VARIABLE = YES;
				IPHONEOS_DEPLOYMENT_TARGET = 12.1;
				MTL_ENABLE_DEBUG_INFO = INCLUDE_SOURCE;
				MTL_FAST_MATH = YES;
				ONLY_ACTIVE_ARCH = YES;
				SDKROOT = iphoneos;
				SWIFT_ACTIVE_COMPILATION_CONDITIONS = DEBUG;
				SWIFT_OPTIMIZATION_LEVEL = "-Onone";
			};
			name = Debug;
		};
		FAD8EE3C21A5AFE500D92B05 /* Release */ = {
			isa = XCBuildConfiguration;
			buildSettings = {
				ALWAYS_SEARCH_USER_PATHS = NO;
				CLANG_ANALYZER_NONNULL = YES;
				CLANG_ANALYZER_NUMBER_OBJECT_CONVERSION = YES_AGGRESSIVE;
				CLANG_CXX_LANGUAGE_STANDARD = "gnu++14";
				CLANG_CXX_LIBRARY = "libc++";
				CLANG_ENABLE_MODULES = YES;
				CLANG_ENABLE_OBJC_ARC = YES;
				CLANG_ENABLE_OBJC_WEAK = YES;
				CLANG_WARN_BLOCK_CAPTURE_AUTORELEASING = YES;
				CLANG_WARN_BOOL_CONVERSION = YES;
				CLANG_WARN_COMMA = YES;
				CLANG_WARN_CONSTANT_CONVERSION = YES;
				CLANG_WARN_DEPRECATED_OBJC_IMPLEMENTATIONS = YES;
				CLANG_WARN_DIRECT_OBJC_ISA_USAGE = YES_ERROR;
				CLANG_WARN_DOCUMENTATION_COMMENTS = YES;
				CLANG_WARN_EMPTY_BODY = YES;
				CLANG_WARN_ENUM_CONVERSION = YES;
				CLANG_WARN_INFINITE_RECURSION = YES;
				CLANG_WARN_INT_CONVERSION = YES;
				CLANG_WARN_NON_LITERAL_NULL_CONVERSION = YES;
				CLANG_WARN_OBJC_IMPLICIT_RETAIN_SELF = YES;
				CLANG_WARN_OBJC_LITERAL_CONVERSION = YES;
				CLANG_WARN_OBJC_ROOT_CLASS = YES_ERROR;
				CLANG_WARN_RANGE_LOOP_ANALYSIS = YES;
				CLANG_WARN_STRICT_PROTOTYPES = YES;
				CLANG_WARN_SUSPICIOUS_MOVE = YES;
				CLANG_WARN_UNGUARDED_AVAILABILITY = YES_AGGRESSIVE;
				CLANG_WARN_UNREACHABLE_CODE = YES;
				CLANG_WARN__DUPLICATE_METHOD_MATCH = YES;
				CODE_SIGN_IDENTITY = "iPhone Developer";
				COPY_PHASE_STRIP = NO;
				DEBUG_INFORMATION_FORMAT = "dwarf-with-dsym";
				ENABLE_NS_ASSERTIONS = NO;
				ENABLE_STRICT_OBJC_MSGSEND = YES;
				GCC_C_LANGUAGE_STANDARD = gnu11;
				GCC_NO_COMMON_BLOCKS = YES;
				GCC_WARN_64_TO_32_BIT_CONVERSION = YES;
				GCC_WARN_ABOUT_RETURN_TYPE = YES_ERROR;
				GCC_WARN_UNDECLARED_SELECTOR = YES;
				GCC_WARN_UNINITIALIZED_AUTOS = YES_AGGRESSIVE;
				GCC_WARN_UNUSED_FUNCTION = YES;
				GCC_WARN_UNUSED_VARIABLE = YES;
				IPHONEOS_DEPLOYMENT_TARGET = 12.1;
				MTL_ENABLE_DEBUG_INFO = NO;
				MTL_FAST_MATH = YES;
				SDKROOT = iphoneos;
				SWIFT_COMPILATION_MODE = wholemodule;
				SWIFT_OPTIMIZATION_LEVEL = "-O";
				VALIDATE_PRODUCT = YES;
			};
			name = Release;
		};
		FAD8EE3E21A5AFE500D92B05 /* Debug */ = {
			isa = XCBuildConfiguration;
			buildSettings = {
				ASSETCATALOG_COMPILER_APPICON_NAME = AppIcon;
				CODE_SIGN_ENTITLEMENTS = producto/producto.entitlements;
				CODE_SIGN_STYLE = Automatic;
				DEVELOPMENT_TEAM = "";
				INFOPLIST_FILE = producto/Info.plist;
				IPHONEOS_DEPLOYMENT_TARGET = 11.4;
				LD_RUNPATH_SEARCH_PATHS = (
					"$(inherited)",
					"@executable_path/Frameworks",
				);
				PRODUCT_BUNDLE_IDENTIFIER = com.producto.producto;
				PRODUCT_NAME = "$(TARGET_NAME)";
				SWIFT_VERSION = 4.2;
				TARGETED_DEVICE_FAMILY = "1,2";
			};
			name = Debug;
		};
		FAD8EE3F21A5AFE500D92B05 /* Release */ = {
			isa = XCBuildConfiguration;
			buildSettings = {
				ASSETCATALOG_COMPILER_APPICON_NAME = AppIcon;
				CODE_SIGN_ENTITLEMENTS = producto/producto.entitlements;
				CODE_SIGN_STYLE = Automatic;
				DEVELOPMENT_TEAM = "";
				INFOPLIST_FILE = producto/Info.plist;
				IPHONEOS_DEPLOYMENT_TARGET = 11.4;
				LD_RUNPATH_SEARCH_PATHS = (
					"$(inherited)",
					"@executable_path/Frameworks",
				);
				PRODUCT_BUNDLE_IDENTIFIER = com.producto.producto;
				PRODUCT_NAME = "$(TARGET_NAME)";
				SWIFT_VERSION = 4.2;
				TARGETED_DEVICE_FAMILY = "1,2";
			};
			name = Release;
		};
/* End XCBuildConfiguration section */

/* Begin XCConfigurationList section */
		FAD8EE2621A5AFE400D92B05 /* Build configuration list for PBXProject "producto" */ = {
			isa = XCConfigurationList;
			buildConfigurations = (
				FAD8EE3B21A5AFE500D92B05 /* Debug */,
				FAD8EE3C21A5AFE500D92B05 /* Release */,
			);
			defaultConfigurationIsVisible = 0;
			defaultConfigurationName = Release;
		};
		FAD8EE3D21A5AFE500D92B05 /* Build configuration list for PBXNativeTarget "producto" */ = {
			isa = XCConfigurationList;
			buildConfigurations = (
				FAD8EE3E21A5AFE500D92B05 /* Debug */,
				FAD8EE3F21A5AFE500D92B05 /* Release */,
			);
			defaultConfigurationIsVisible = 0;
			defaultConfigurationName = Release;
		};
/* End XCConfigurationList section */
	};
	rootObject = FAD8EE2321A5AFE400D92B05 /* Project object */;
}
